
Microsoft Visual Studio Solution File, Format Version 12.00
# Visual Studio Version 17
VisualStudioVersion = 17.6.33829.357
MinimumVisualStudioVersion = 10.0.40219.1
Project("{FAE04EC0-301F-11D3-BF4B-00C04F79EFBC}") = "hio_q", "hio_q.csproj", "{8019FC8B-32BF-42CB-9C33-9B4D6C7BC1DD}"
EndProject
Global
	GlobalSection(SolutionConfigurationPlatforms) = preSolution
		Debug|Any CPU = Debug|Any CPU
		Release|Any CPU = Release|Any CPU
	EndGlobalSection
	GlobalSection(ProjectConfigurationPlatforms) = postSolution
		{8019FC8B-32BF-42CB-9C33-9B4D6C7BC1DD}.Debug|Any CPU.ActiveCfg = Debug|Any CPU
		{8019FC8B-32BF-42CB-9C33-9B4D6C7BC1DD}.Debug|Any CPU.Build.0 = Debug|Any CPU
		{8019FC8B-32BF-42CB-9C33-9B4D6C7BC1DD}.Release|Any CPU.ActiveCfg = Release|Any CPU
		{8019FC8B-32BF-42CB-9C33-9B4D6C7BC1DD}.Release|Any CPU.Build.0 = Release|Any CPU
	EndGlobalSection
	GlobalSection(SolutionProperties) = preSolution
		HideSolutionNode = FALSE
	EndGlobalSection
	GlobalSection(ExtensibilityGlobals) = postSolution
		SolutionGuid = {63E21297-3CDE-4C8B-A51F-5E745261FCDF}
	EndGlobalSection
EndGlobal
